
Microsoft Visual Studio Solution File, Format Version 10.00
# Visual Studio 2008
Project("{FAE04EC0-301F-11D3-BF4B-00C04F79EFBC}") = "NetSparkleChecker", "NetSparkleChecker\NetSparkleChecker.csproj", "{C5EB5203-0E15-49AC-8CD0-719DA6756188}"
EndProject
Project("{FAE04EC0-301F-11D3-BF4B-00C04F79EFBC}") = "NetSparkle", "NetSparkle\NetSparkle.csproj", "{74635A21-2BAD-4522-AB95-E3E5703CD301}"
EndProject
Global
	GlobalSection(SolutionConfigurationPlatforms) = preSolution
		Debug|Any CPU = Debug|Any CPU
		Release|Any CPU = Release|Any CPU
	EndGlobalSection
	GlobalSection(ProjectConfigurationPlatforms) = postSolution
		{C5EB5203-0E15-49AC-8CD0-719DA6756188}.Debug|Any CPU.ActiveCfg = Debug|Any CPU
		{C5EB5203-0E15-49AC-8CD0-719DA6756188}.Debug|Any CPU.Build.0 = Debug|Any CPU
		{C5EB5203-0E15-49AC-8CD0-719DA6756188}.Release|Any CPU.ActiveCfg = Release|Any CPU
		{C5EB5203-0E15-49AC-8CD0-719DA6756188}.Release|Any CPU.Build.0 = Release|Any CPU
		{74635A21-2BAD-4522-AB95-E3E5703CD301}.Debug|Any CPU.ActiveCfg = Debug|Any CPU
		{74635A21-2BAD-4522-AB95-E3E5703CD301}.Debug|Any CPU.Build.0 = Debug|Any CPU
		{74635A21-2BAD-4522-AB95-E3E5703CD301}.Release|Any CPU.ActiveCfg = Release|Any CPU
		{74635A21-2BAD-4522-AB95-E3E5703CD301}.Release|Any CPU.Build.0 = Release|Any CPU
	EndGlobalSection
	GlobalSection(SolutionProperties) = preSolution
		HideSolutionNode = FALSE
	EndGlobalSection
EndGlobal
